// !$*UTF8*$!
{
	archiveVersion = 1;
	classes = {
	};
	objectVersion = 56;
	objects = {

/* Begin PBXBuildFile section */
		A2EF46BF932BC0E68AB4D8AB /* libPods-BestMovieApp.a in Frameworks */ = {isa = PBXBuildFile; fileRef = 62938FA03649605E8CBA49A5 /* libPods-BestMovieApp.a */; };
		F01761E1291E67A600B339E4 /* SearchController.swift in Sources */ = {isa = PBXBuildFile; fileRef = F01761E0291E67A600B339E4 /* SearchController.swift */; };
		F01761E3291E67BA00B339E4 /* WatchListController.swift in Sources */ = {isa = PBXBuildFile; fileRef = F01761E2291E67BA00B339E4 /* WatchListController.swift */; };
		F02D29482930D3560019C7A1 /* ClickMovieModel.xcdatamodeld in Sources */ = {isa = PBXBuildFile; fileRef = F02D29462930D3560019C7A1 /* ClickMovieModel.xcdatamodeld */; };
		F02D294B293103A60019C7A1 /* DataPersistenceManager.swift in Sources */ = {isa = PBXBuildFile; fileRef = F02D294A293103A60019C7A1 /* DataPersistenceManager.swift */; };
		F053D30E2920CD4500CB039D /* HomeHeader.swift in Sources */ = {isa = PBXBuildFile; fileRef = F053D30C2920CD4500CB039D /* HomeHeader.swift */; };
		F053D30F2920CD4500CB039D /* HomeHeader.xib in Resources */ = {isa = PBXBuildFile; fileRef = F053D30D2920CD4500CB039D /* HomeHeader.xib */; };
		F053D3132920DBE300CB039D /* VerticalMovieCell.swift in Sources */ = {isa = PBXBuildFile; fileRef = F053D3112920DBE300CB039D /* VerticalMovieCell.swift */; };
		F053D3142920DBE300CB039D /* VerticalMovieCell.xib in Resources */ = {isa = PBXBuildFile; fileRef = F053D3122920DBE300CB039D /* VerticalMovieCell.xib */; };
		F05E86BA292D426100F35329 /* DetailViewController.swift in Sources */ = {isa = PBXBuildFile; fileRef = F05E86B8292D426100F35329 /* DetailViewController.swift */; };
		F05E86BB292D426100F35329 /* DetailViewController.xib in Resources */ = {isa = PBXBuildFile; fileRef = F05E86B9292D426100F35329 /* DetailViewController.xib */; };
		F0738E04291EC428000F4912 /* HomeViewModel.swift in Sources */ = {isa = PBXBuildFile; fileRef = F0738E03291EC428000F4912 /* HomeViewModel.swift */; };
		F082E3DA292242A70098D812 /* HorizontalMovieCell.swift in Sources */ = {isa = PBXBuildFile; fileRef = F082E3D8292242A70098D812 /* HorizontalMovieCell.swift */; };
		F082E3DB292242A70098D812 /* HorizontalMovieCell.xib in Resources */ = {isa = PBXBuildFile; fileRef = F082E3D9292242A70098D812 /* HorizontalMovieCell.xib */; };
		F08C869A291E94530097BB8B /* NetworkHelper.swift in Sources */ = {isa = PBXBuildFile; fileRef = F08C8699291E94530097BB8B /* NetworkHelper.swift */; };
		F08C869C291E945F0097BB8B /* HomeManager.swift in Sources */ = {isa = PBXBuildFile; fileRef = F08C869B291E945F0097BB8B /* HomeManager.swift */; };
		F08C869E291E94670097BB8B /* HomeHelper.swift in Sources */ = {isa = PBXBuildFile; fileRef = F08C869D291E94670097BB8B /* HomeHelper.swift */; };
		F08C86A0291E984F0097BB8B /* Movies.swift in Sources */ = {isa = PBXBuildFile; fileRef = F08C869F291E984F0097BB8B /* Movies.swift */; };
		F0B9532F291E5AF50067D68C /* AppDelegate.swift in Sources */ = {isa = PBXBuildFile; fileRef = F0B9532E291E5AF50067D68C /* AppDelegate.swift */; };
		F0B95331291E5AF50067D68C /* SceneDelegate.swift in Sources */ = {isa = PBXBuildFile; fileRef = F0B95330291E5AF50067D68C /* SceneDelegate.swift */; };
		F0B95333291E5AF50067D68C /* HomeController.swift in Sources */ = {isa = PBXBuildFile; fileRef = F0B95332291E5AF50067D68C /* HomeController.swift */; };
		F0B95336291E5AF50067D68C /* Main.storyboard in Resources */ = {isa = PBXBuildFile; fileRef = F0B95334291E5AF50067D68C /* Main.storyboard */; };
		F0B95338291E5AF70067D68C /* Assets.xcassets in Resources */ = {isa = PBXBuildFile; fileRef = F0B95337291E5AF70067D68C /* Assets.xcassets */; };
		F0B9533B291E5AF70067D68C /* LaunchScreen.storyboard in Resources */ = {isa = PBXBuildFile; fileRef = F0B95339291E5AF70067D68C /* LaunchScreen.storyboard */; };
		F0B9534A291E5E040067D68C /* NetworkManager.swift in Sources */ = {isa = PBXBuildFile; fileRef = F0B95349291E5E040067D68C /* NetworkManager.swift */; };
		F0B9534E291E64A40067D68C /* TabBar.swift in Sources */ = {isa = PBXBuildFile; fileRef = F0B9534D291E64A40067D68C /* TabBar.swift */; };
		F0CCA1DF2927802600D40A68 /* SearchMovieCell.swift in Sources */ = {isa = PBXBuildFile; fileRef = F0CCA1DD2927802600D40A68 /* SearchMovieCell.swift */; };
		F0CCA1E02927802600D40A68 /* SearchMovieCell.xib in Resources */ = {isa = PBXBuildFile; fileRef = F0CCA1DE2927802600D40A68 /* SearchMovieCell.xib */; };
		F0CCA1E52927E1CB00D40A68 /* SearchViewModel.swift in Sources */ = {isa = PBXBuildFile; fileRef = F0CCA1E42927E1CB00D40A68 /* SearchViewModel.swift */; };
		F0CCA1EC2927FF5E00D40A68 /* SearchManager.swift in Sources */ = {isa = PBXBuildFile; fileRef = F0CCA1EB2927FF5E00D40A68 /* SearchManager.swift */; };
		F0CCA1EE2927FF6F00D40A68 /* SearchHelper.swift in Sources */ = {isa = PBXBuildFile; fileRef = F0CCA1ED2927FF6F00D40A68 /* SearchHelper.swift */; };
		F0D38AD5291FB05F005C8D8B /* SDWebImage in Frameworks */ = {isa = PBXBuildFile; productRef = F0D38AD4291FB05F005C8D8B /* SDWebImage */; };
		F0DC739A292F978A007F14F5 /* MovieMoreDetail.swift in Sources */ = {isa = PBXBuildFile; fileRef = F0DC7399292F978A007F14F5 /* MovieMoreDetail.swift */; };
		F0DC739D292F98F4007F14F5 /* DetailManager.swift in Sources */ = {isa = PBXBuildFile; fileRef = F0DC739C292F98F4007F14F5 /* DetailManager.swift */; };
		F0DC739F292F9902007F14F5 /* DetailHelper.swift in Sources */ = {isa = PBXBuildFile; fileRef = F0DC739E292F9902007F14F5 /* DetailHelper.swift */; };
		F0DC73A1292FA4E9007F14F5 /* DetailViewModel.swift in Sources */ = {isa = PBXBuildFile; fileRef = F0DC73A0292FA4E9007F14F5 /* DetailViewModel.swift */; };
		F0DC73A8293004FB007F14F5 /* WatchListMovieCell.swift in Sources */ = {isa = PBXBuildFile; fileRef = F0DC73A6293004FB007F14F5 /* WatchListMovieCell.swift */; };
		F0DC73A9293004FB007F14F5 /* WatchListMovieCell.xib in Resources */ = {isa = PBXBuildFile; fileRef = F0DC73A7293004FB007F14F5 /* WatchListMovieCell.xib */; };
/* End PBXBuildFile section */

/* Begin PBXFileReference section */
		1444EB1A9F6CAE3CB2373004 /* Pods-BestMovieApp.release.xcconfig */ = {isa = PBXFileReference; includeInIndex = 1; lastKnownFileType = text.xcconfig; name = "Pods-BestMovieApp.release.xcconfig"; path = "Target Support Files/Pods-BestMovieApp/Pods-BestMovieApp.release.xcconfig"; sourceTree = "<group>"; };
		62938FA03649605E8CBA49A5 /* libPods-BestMovieApp.a */ = {isa = PBXFileReference; explicitFileType = archive.ar; includeInIndex = 0; path = "libPods-BestMovieApp.a"; sourceTree = BUILT_PRODUCTS_DIR; };
		E452B1ECE1F6B2900EEEA9C9 /* Pods-BestMovieApp.debug.xcconfig */ = {isa = PBXFileReference; includeInIndex = 1; lastKnownFileType = text.xcconfig; name = "Pods-BestMovieApp.debug.xcconfig"; path = "Target Support Files/Pods-BestMovieApp/Pods-BestMovieApp.debug.xcconfig"; sourceTree = "<group>"; };
		F01761E0291E67A600B339E4 /* SearchController.swift */ = {isa = PBXFileReference; lastKnownFileType = sourcecode.swift; path = SearchController.swift; sourceTree = "<group>"; };
		F01761E2291E67BA00B339E4 /* WatchListController.swift */ = {isa = PBXFileReference; lastKnownFileType = sourcecode.swift; path = WatchListController.swift; sourceTree = "<group>"; };
		F02D29472930D3560019C7A1 /* ClickMovieModel.xcdatamodel */ = {isa = PBXFileReference; lastKnownFileType = wrapper.xcdatamodel; path = ClickMovieModel.xcdatamodel; sourceTree = "<group>"; };
		F02D294A293103A60019C7A1 /* DataPersistenceManager.swift */ = {isa = PBXFileReference; lastKnownFileType = sourcecode.swift; path = DataPersistenceManager.swift; sourceTree = "<group>"; };
		F053D30C2920CD4500CB039D /* HomeHeader.swift */ = {isa = PBXFileReference; lastKnownFileType = sourcecode.swift; path = HomeHeader.swift; sourceTree = "<group>"; };
		F053D30D2920CD4500CB039D /* HomeHeader.xib */ = {isa = PBXFileReference; lastKnownFileType = file.xib; path = HomeHeader.xib; sourceTree = "<group>"; };
		F053D3112920DBE300CB039D /* VerticalMovieCell.swift */ = {isa = PBXFileReference; lastKnownFileType = sourcecode.swift; path = VerticalMovieCell.swift; sourceTree = "<group>"; };
		F053D3122920DBE300CB039D /* VerticalMovieCell.xib */ = {isa = PBXFileReference; lastKnownFileType = file.xib; path = VerticalMovieCell.xib; sourceTree = "<group>"; };
		F05E86B8292D426100F35329 /* DetailViewController.swift */ = {isa = PBXFileReference; lastKnownFileType = sourcecode.swift; path = DetailViewController.swift; sourceTree = "<group>"; };
		F05E86B9292D426100F35329 /* DetailViewController.xib */ = {isa = PBXFileReference; lastKnownFileType = file.xib; path = DetailViewController.xib; sourceTree = "<group>"; };
		F0738E03291EC428000F4912 /* HomeViewModel.swift */ = {isa = PBXFileReference; lastKnownFileType = sourcecode.swift; path = HomeViewModel.swift; sourceTree = "<group>"; };
		F082E3D8292242A70098D812 /* HorizontalMovieCell.swift */ = {isa = PBXFileReference; lastKnownFileType = sourcecode.swift; path = HorizontalMovieCell.swift; sourceTree = "<group>"; };
		F082E3D9292242A70098D812 /* HorizontalMovieCell.xib */ = {isa = PBXFileReference; lastKnownFileType = file.xib; path = HorizontalMovieCell.xib; sourceTree = "<group>"; };
		F08C8699291E94530097BB8B /* NetworkHelper.swift */ = {isa = PBXFileReference; lastKnownFileType = sourcecode.swift; path = NetworkHelper.swift; sourceTree = "<group>"; };
		F08C869B291E945F0097BB8B /* HomeManager.swift */ = {isa = PBXFileReference; lastKnownFileType = sourcecode.swift; path = HomeManager.swift; sourceTree = "<group>"; };
		F08C869D291E94670097BB8B /* HomeHelper.swift */ = {isa = PBXFileReference; lastKnownFileType = sourcecode.swift; path = HomeHelper.swift; sourceTree = "<group>"; };
		F08C869F291E984F0097BB8B /* Movies.swift */ = {isa = PBXFileReference; lastKnownFileType = sourcecode.swift; path = Movies.swift; sourceTree = "<group>"; };
		F0B9532B291E5AF50067D68C /* BestMovieApp.app */ = {isa = PBXFileReference; explicitFileType = wrapper.application; includeInIndex = 0; path = BestMovieApp.app; sourceTree = BUILT_PRODUCTS_DIR; };
		F0B9532E291E5AF50067D68C /* AppDelegate.swift */ = {isa = PBXFileReference; lastKnownFileType = sourcecode.swift; path = AppDelegate.swift; sourceTree = "<group>"; };
		F0B95330291E5AF50067D68C /* SceneDelegate.swift */ = {isa = PBXFileReference; lastKnownFileType = sourcecode.swift; path = SceneDelegate.swift; sourceTree = "<group>"; };
		F0B95332291E5AF50067D68C /* HomeController.swift */ = {isa = PBXFileReference; lastKnownFileType = sourcecode.swift; path = HomeController.swift; sourceTree = "<group>"; };
		F0B95335291E5AF50067D68C /* Base */ = {isa = PBXFileReference; lastKnownFileType = file.storyboard; name = Base; path = Base.lproj/Main.storyboard; sourceTree = "<group>"; };
		F0B95337291E5AF70067D68C /* Assets.xcassets */ = {isa = PBXFileReference; lastKnownFileType = folder.assetcatalog; path = Assets.xcassets; sourceTree = "<group>"; };
		F0B9533A291E5AF70067D68C /* Base */ = {isa = PBXFileReference; lastKnownFileType = file.storyboard; name = Base; path = Base.lproj/LaunchScreen.storyboard; sourceTree = "<group>"; };
		F0B9533C291E5AF70067D68C /* Info.plist */ = {isa = PBXFileReference; lastKnownFileType = text.plist.xml; path = Info.plist; sourceTree = "<group>"; };
		F0B95349291E5E040067D68C /* NetworkManager.swift */ = {isa = PBXFileReference; lastKnownFileType = sourcecode.swift; path = NetworkManager.swift; sourceTree = "<group>"; };
		F0B9534D291E64A40067D68C /* TabBar.swift */ = {isa = PBXFileReference; lastKnownFileType = sourcecode.swift; path = TabBar.swift; sourceTree = "<group>"; };
		F0CCA1DD2927802600D40A68 /* SearchMovieCell.swift */ = {isa = PBXFileReference; lastKnownFileType = sourcecode.swift; path = SearchMovieCell.swift; sourceTree = "<group>"; };
		F0CCA1DE2927802600D40A68 /* SearchMovieCell.xib */ = {isa = PBXFileReference; lastKnownFileType = file.xib; path = SearchMovieCell.xib; sourceTree = "<group>"; };
		F0CCA1E42927E1CB00D40A68 /* SearchViewModel.swift */ = {isa = PBXFileReference; lastKnownFileType = sourcecode.swift; path = SearchViewModel.swift; sourceTree = "<group>"; };
		F0CCA1EB2927FF5E00D40A68 /* SearchManager.swift */ = {isa = PBXFileReference; lastKnownFileType = sourcecode.swift; path = SearchManager.swift; sourceTree = "<group>"; };
		F0CCA1ED2927FF6F00D40A68 /* SearchHelper.swift */ = {isa = PBXFileReference; lastKnownFileType = sourcecode.swift; path = SearchHelper.swift; sourceTree = "<group>"; };
		F0DC7399292F978A007F14F5 /* MovieMoreDetail.swift */ = {isa = PBXFileReference; lastKnownFileType = sourcecode.swift; path = MovieMoreDetail.swift; sourceTree = "<group>"; };
		F0DC739C292F98F4007F14F5 /* DetailManager.swift */ = {isa = PBXFileReference; lastKnownFileType = sourcecode.swift; path = DetailManager.swift; sourceTree = "<group>"; };
		F0DC739E292F9902007F14F5 /* DetailHelper.swift */ = {isa = PBXFileReference; lastKnownFileType = sourcecode.swift; path = DetailHelper.swift; sourceTree = "<group>"; };
		F0DC73A0292FA4E9007F14F5 /* DetailViewModel.swift */ = {isa = PBXFileReference; lastKnownFileType = sourcecode.swift; path = DetailViewModel.swift; sourceTree = "<group>"; };
		F0DC73A6293004FB007F14F5 /* WatchListMovieCell.swift */ = {isa = PBXFileReference; lastKnownFileType = sourcecode.swift; path = WatchListMovieCell.swift; sourceTree = "<group>"; };
		F0DC73A7293004FB007F14F5 /* WatchListMovieCell.xib */ = {isa = PBXFileReference; lastKnownFileType = file.xib; path = WatchListMovieCell.xib; sourceTree = "<group>"; };
/* End PBXFileReference section */

/* Begin PBXFrameworksBuildPhase section */
		F0B95328291E5AF50067D68C /* Frameworks */ = {
			isa = PBXFrameworksBuildPhase;
			buildActionMask = 2147483647;
			files = (
				F0D38AD5291FB05F005C8D8B /* SDWebImage in Frameworks */,
				A2EF46BF932BC0E68AB4D8AB /* libPods-BestMovieApp.a in Frameworks */,
			);
			runOnlyForDeploymentPostprocessing = 0;
		};
/* End PBXFrameworksBuildPhase section */

/* Begin PBXGroup section */
		42447EB4458C771E93DD69E3 /* Pods */ = {
			isa = PBXGroup;
			children = (
				E452B1ECE1F6B2900EEEA9C9 /* Pods-BestMovieApp.debug.xcconfig */,
				1444EB1A9F6CAE3CB2373004 /* Pods-BestMovieApp.release.xcconfig */,
			);
			path = Pods;
			sourceTree = "<group>";
		};
		A461FCBEABBAC7EEE10C9C3E /* Frameworks */ = {
			isa = PBXGroup;
			children = (
				62938FA03649605E8CBA49A5 /* libPods-BestMovieApp.a */,
			);
			name = Frameworks;
			sourceTree = "<group>";
		};
		F01761DE291E675C00B339E4 /* Search */ = {
			isa = PBXGroup;
			children = (
				F0CCA1E12927B62E00D40A68 /* Model */,
				F0CCA1E22927B64100D40A68 /* View */,
				F0CCA1E32927B64900D40A68 /* ViewModel */,
			);
			path = Search;
			sourceTree = "<group>";
		};
		F01761DF291E676F00B339E4 /* WatchList */ = {
			isa = PBXGroup;
			children = (
				F0DC73A2292FEEEB007F14F5 /* Model */,
				F0DC73A3292FEEF2007F14F5 /* View */,
				F0DC73A4292FEEFA007F14F5 /* ViewModel */,
			);
			path = WatchList;
			sourceTree = "<group>";
		};
		F02D2949293103920019C7A1 /* DataPersistenceManager */ = {
			isa = PBXGroup;
			children = (
				F02D294A293103A60019C7A1 /* DataPersistenceManager.swift */,
			);
			path = DataPersistenceManager;
			sourceTree = "<group>";
		};
		F053D3102920DB8E00CB039D /* ReusableViewCell */ = {
			isa = PBXGroup;
			children = (
				F053D3112920DBE300CB039D /* VerticalMovieCell.swift */,
				F053D3122920DBE300CB039D /* VerticalMovieCell.xib */,
			);
			path = ReusableViewCell;
			sourceTree = "<group>";
		};
		F083E544291E836E0090E592 /* Cells */ = {
			isa = PBXGroup;
			children = (
				F082E3D8292242A70098D812 /* HorizontalMovieCell.swift */,
				F082E3D9292242A70098D812 /* HorizontalMovieCell.xib */,
			);
			path = Cells;
			sourceTree = "<group>";
		};
		F08C8697291E94300097BB8B /* Core */ = {
			isa = PBXGroup;
			children = (
				F0B95349291E5E040067D68C /* NetworkManager.swift */,
				F08C8699291E94530097BB8B /* NetworkHelper.swift */,
			);
			path = Core;
			sourceTree = "<group>";
		};
		F08C8698291E94380097BB8B /* Home */ = {
			isa = PBXGroup;
			children = (
				F08C869B291E945F0097BB8B /* HomeManager.swift */,
				F08C869D291E94670097BB8B /* HomeHelper.swift */,
			);
			path = Home;
			sourceTree = "<group>";
		};
		F0B95322291E5AF50067D68C = {
			isa = PBXGroup;
			children = (
				F0B9532D291E5AF50067D68C /* BestMovieApp */,
				F0B9532C291E5AF50067D68C /* Products */,
				42447EB4458C771E93DD69E3 /* Pods */,
				A461FCBEABBAC7EEE10C9C3E /* Frameworks */,
			);
			sourceTree = "<group>";
		};
		F0B9532C291E5AF50067D68C /* Products */ = {
			isa = PBXGroup;
			children = (
				F0B9532B291E5AF50067D68C /* BestMovieApp.app */,
			);
			name = Products;
			sourceTree = "<group>";
		};
		F0B9532D291E5AF50067D68C /* BestMovieApp */ = {
			isa = PBXGroup;
			children = (
				F02D2949293103920019C7A1 /* DataPersistenceManager */,
				F0B95344291E5B4A0067D68C /* Movie */,
				F0B95342291E5B0B0067D68C /* Features */,
				F0B95343291E5B180067D68C /* Core */,
				F0B95339291E5AF70067D68C /* LaunchScreen.storyboard */,
				F0B9533C291E5AF70067D68C /* Info.plist */,
				F02D29462930D3560019C7A1 /* ClickMovieModel.xcdatamodeld */,
			);
			path = BestMovieApp;
			sourceTree = "<group>";
		};
		F0B95342291E5B0B0067D68C /* Features */ = {
			isa = PBXGroup;
			children = (
			);
			path = Features;
			sourceTree = "<group>";
		};
		F0B95343291E5B180067D68C /* Core */ = {
			isa = PBXGroup;
			children = (
				F0B95337291E5AF70067D68C /* Assets.xcassets */,
				F0B95334291E5AF50067D68C /* Main.storyboard */,
				F0B95330291E5AF50067D68C /* SceneDelegate.swift */,
				F0B9532E291E5AF50067D68C /* AppDelegate.swift */,
			);
			path = Core;
			sourceTree = "<group>";
		};
		F0B95344291E5B4A0067D68C /* Movie */ = {
			isa = PBXGroup;
			children = (
				F0B9534B291E640E0067D68C /* Scene */,
				F0B95345291E5B5B0067D68C /* Network */,
			);
			path = Movie;
			sourceTree = "<group>";
		};
		F0B95345291E5B5B0067D68C /* Network */ = {
			isa = PBXGroup;
			children = (
				F0DC739B292F9878007F14F5 /* Detail */,
				F08C8698291E94380097BB8B /* Home */,
				F0CCA1E62927E24A00D40A68 /* Search */,
				F08C8697291E94300097BB8B /* Core */,
			);
			path = Network;
			sourceTree = "<group>";
		};
		F0B95346291E5B620067D68C /* Model */ = {
			isa = PBXGroup;
			children = (
				F08C869F291E984F0097BB8B /* Movies.swift */,
			);
			path = Model;
			sourceTree = "<group>";
		};
		F0B95347291E5B660067D68C /* ViewModel */ = {
			isa = PBXGroup;
			children = (
				F0738E03291EC428000F4912 /* HomeViewModel.swift */,
			);
			path = ViewModel;
			sourceTree = "<group>";
		};
		F0B95348291E5B6E0067D68C /* View */ = {
			isa = PBXGroup;
			children = (
				F053D3102920DB8E00CB039D /* ReusableViewCell */,
				F0D38AD6291FDC0D005C8D8B /* Header */,
				F0B95332291E5AF50067D68C /* HomeController.swift */,
			);
			path = View;
			sourceTree = "<group>";
		};
		F0B9534B291E640E0067D68C /* Scene */ = {
			isa = PBXGroup;
			children = (
				F0B9534C291E64720067D68C /* Home */,
				F01761DE291E675C00B339E4 /* Search */,
				F01761DF291E676F00B339E4 /* WatchList */,
				F0DC73A5293004B8007F14F5 /* Cells */,
				F0EB58E4292956F200DE4BDF /* Detail */,
			);
			path = Scene;
			sourceTree = "<group>";
		};
		F0B9534C291E64720067D68C /* Home */ = {
			isa = PBXGroup;
			children = (
				F0B95346291E5B620067D68C /* Model */,
				F0B95348291E5B6E0067D68C /* View */,
				F0B95347291E5B660067D68C /* ViewModel */,
				F083E544291E836E0090E592 /* Cells */,
				F0B9534D291E64A40067D68C /* TabBar.swift */,
			);
			path = Home;
			sourceTree = "<group>";
		};
		F0CCA1E12927B62E00D40A68 /* Model */ = {
			isa = PBXGroup;
			children = (
			);
			path = Model;
			sourceTree = "<group>";
		};
		F0CCA1E22927B64100D40A68 /* View */ = {
			isa = PBXGroup;
			children = (
				F01761E0291E67A600B339E4 /* SearchController.swift */,
				F0CCA1DD2927802600D40A68 /* SearchMovieCell.swift */,
				F0CCA1DE2927802600D40A68 /* SearchMovieCell.xib */,
			);
			path = View;
			sourceTree = "<group>";
		};
		F0CCA1E32927B64900D40A68 /* ViewModel */ = {
			isa = PBXGroup;
			children = (
				F0CCA1E42927E1CB00D40A68 /* SearchViewModel.swift */,
			);
			path = ViewModel;
			sourceTree = "<group>";
		};
		F0CCA1E62927E24A00D40A68 /* Search */ = {
			isa = PBXGroup;
			children = (
				F0CCA1EB2927FF5E00D40A68 /* SearchManager.swift */,
				F0CCA1ED2927FF6F00D40A68 /* SearchHelper.swift */,
			);
			path = Search;
			sourceTree = "<group>";
		};
		F0D38AD6291FDC0D005C8D8B /* Header */ = {
			isa = PBXGroup;
			children = (
				F053D30C2920CD4500CB039D /* HomeHeader.swift */,
				F053D30D2920CD4500CB039D /* HomeHeader.xib */,
			);
			path = Header;
			sourceTree = "<group>";
		};
		F0DC739B292F9878007F14F5 /* Detail */ = {
			isa = PBXGroup;
			children = (
				F0DC739C292F98F4007F14F5 /* DetailManager.swift */,
				F0DC739E292F9902007F14F5 /* DetailHelper.swift */,
			);
			path = Detail;
			sourceTree = "<group>";
		};
		F0DC73A2292FEEEB007F14F5 /* Model */ = {
			isa = PBXGroup;
			children = (
			);
			path = Model;
			sourceTree = "<group>";
		};
		F0DC73A3292FEEF2007F14F5 /* View */ = {
			isa = PBXGroup;
			children = (
				F01761E2291E67BA00B339E4 /* WatchListController.swift */,
			);
			path = View;
			sourceTree = "<group>";
		};
		F0DC73A4292FEEFA007F14F5 /* ViewModel */ = {
			isa = PBXGroup;
			children = (
			);
			path = ViewModel;
			sourceTree = "<group>";
		};
		F0DC73A5293004B8007F14F5 /* Cells */ = {
			isa = PBXGroup;
			children = (
				F0DC73A6293004FB007F14F5 /* WatchListMovieCell.swift */,
				F0DC73A7293004FB007F14F5 /* WatchListMovieCell.xib */,
			);
			path = Cells;
			sourceTree = "<group>";
		};
		F0EB58E4292956F200DE4BDF /* Detail */ = {
			isa = PBXGroup;
			children = (
				F0EB58E72929573300DE4BDF /* Model */,
				F0EB58E82929573A00DE4BDF /* View */,
				F0EB58E92929573F00DE4BDF /* ViewModel */,
			);
			path = Detail;
			sourceTree = "<group>";
		};
		F0EB58E72929573300DE4BDF /* Model */ = {
			isa = PBXGroup;
			children = (
				F0DC7399292F978A007F14F5 /* MovieMoreDetail.swift */,
			);
			path = Model;
			sourceTree = "<group>";
		};
		F0EB58E82929573A00DE4BDF /* View */ = {
			isa = PBXGroup;
			children = (
				F05E86B8292D426100F35329 /* DetailViewController.swift */,
				F05E86B9292D426100F35329 /* DetailViewController.xib */,
			);
			path = View;
			sourceTree = "<group>";
		};
		F0EB58E92929573F00DE4BDF /* ViewModel */ = {
			isa = PBXGroup;
			children = (
				F0DC73A0292FA4E9007F14F5 /* DetailViewModel.swift */,
			);
			path = ViewModel;
			sourceTree = "<group>";
		};
/* End PBXGroup section */

/* Begin PBXNativeTarget section */
		F0B9532A291E5AF50067D68C /* BestMovieApp */ = {
			isa = PBXNativeTarget;
			buildConfigurationList = F0B9533F291E5AF70067D68C /* Build configuration list for PBXNativeTarget "BestMovieApp" */;
			buildPhases = (
				57B4270D46249E9B3CDD6173 /* [CP] Check Pods Manifest.lock */,
				F0B95327291E5AF50067D68C /* Sources */,
				F0B95328291E5AF50067D68C /* Frameworks */,
				F0B95329291E5AF50067D68C /* Resources */,
			);
			buildRules = (
			);
			dependencies = (
			);
			name = BestMovieApp;
			packageProductDependencies = (
				F0D38AD4291FB05F005C8D8B /* SDWebImage */,
			);
			productName = BestMovieApp;
			productReference = F0B9532B291E5AF50067D68C /* BestMovieApp.app */;
			productType = "com.apple.product-type.application";
		};
/* End PBXNativeTarget section */

/* Begin PBXProject section */
		F0B95323291E5AF50067D68C /* Project object */ = {
			isa = PBXProject;
			attributes = {
				BuildIndependentTargetsInParallel = 1;
				LastSwiftUpdateCheck = 1400;
				LastUpgradeCheck = 1400;
				TargetAttributes = {
					F0B9532A291E5AF50067D68C = {
						CreatedOnToolsVersion = 14.0.1;
					};
				};
			};
			buildConfigurationList = F0B95326291E5AF50067D68C /* Build configuration list for PBXProject "BestMovieApp" */;
			compatibilityVersion = "Xcode 14.0";
			developmentRegion = en;
			hasScannedForEncodings = 0;
			knownRegions = (
				en,
				Base,
			);
			mainGroup = F0B95322291E5AF50067D68C;
			packageReferences = (
				F0D38AD3291FB05F005C8D8B /* XCRemoteSwiftPackageReference "SDWebImage" */,
			);
			productRefGroup = F0B9532C291E5AF50067D68C /* Products */;
			projectDirPath = "";
			projectRoot = "";
			targets = (
				F0B9532A291E5AF50067D68C /* BestMovieApp */,
			);
		};
/* End PBXProject section */

/* Begin PBXResourcesBuildPhase section */
		F0B95329291E5AF50067D68C /* Resources */ = {
			isa = PBXResourcesBuildPhase;
			buildActionMask = 2147483647;
			files = (
				F082E3DB292242A70098D812 /* HorizontalMovieCell.xib in Resources */,
				F053D30F2920CD4500CB039D /* HomeHeader.xib in Resources */,
				F0CCA1E02927802600D40A68 /* SearchMovieCell.xib in Resources */,
				F05E86BB292D426100F35329 /* DetailViewController.xib in Resources */,
				F0B9533B291E5AF70067D68C /* LaunchScreen.storyboard in Resources */,
				F0DC73A9293004FB007F14F5 /* WatchListMovieCell.xib in Resources */,
				F0B95338291E5AF70067D68C /* Assets.xcassets in Resources */,
				F053D3142920DBE300CB039D /* VerticalMovieCell.xib in Resources */,
				F0B95336291E5AF50067D68C /* Main.storyboard in Resources */,
			);
			runOnlyForDeploymentPostprocessing = 0;
		};
/* End PBXResourcesBuildPhase section */

/* Begin PBXShellScriptBuildPhase section */
		57B4270D46249E9B3CDD6173 /* [CP] Check Pods Manifest.lock */ = {
			isa = PBXShellScriptBuildPhase;
			buildActionMask = 2147483647;
			files = (
			);
			inputFileListPaths = (
			);
			inputPaths = (
				"${PODS_PODFILE_DIR_PATH}/Podfile.lock",
				"${PODS_ROOT}/Manifest.lock",
			);
			name = "[CP] Check Pods Manifest.lock";
			outputFileListPaths = (
			);
			outputPaths = (
				"$(DERIVED_FILE_DIR)/Pods-BestMovieApp-checkManifestLockResult.txt",
			);
			runOnlyForDeploymentPostprocessing = 0;
			shellPath = /bin/sh;
			shellScript = "diff \"${PODS_PODFILE_DIR_PATH}/Podfile.lock\" \"${PODS_ROOT}/Manifest.lock\" > /dev/null\nif [ $? != 0 ] ; then\n    # print error to STDERR\n    echo \"error: The sandbox is not in sync with the Podfile.lock. Run 'pod install' or update your CocoaPods installation.\" >&2\n    exit 1\nfi\n# This output is used by Xcode 'outputs' to avoid re-running this script phase.\necho \"SUCCESS\" > \"${SCRIPT_OUTPUT_FILE_0}\"\n";
			showEnvVarsInLog = 0;
		};
/* End PBXShellScriptBuildPhase section */

/* Begin PBXSourcesBuildPhase section */
		F0B95327291E5AF50067D68C /* Sources */ = {
			isa = PBXSourcesBuildPhase;
			buildActionMask = 2147483647;
			files = (
				F053D3132920DBE300CB039D /* VerticalMovieCell.swift in Sources */,
				F08C869A291E94530097BB8B /* NetworkHelper.swift in Sources */,
				F0DC739D292F98F4007F14F5 /* DetailManager.swift in Sources */,
				F0DC73A8293004FB007F14F5 /* WatchListMovieCell.swift in Sources */,
				F08C86A0291E984F0097BB8B /* Movies.swift in Sources */,
				F02D29482930D3560019C7A1 /* ClickMovieModel.xcdatamodeld in Sources */,
				F0B95333291E5AF50067D68C /* HomeController.swift in Sources */,
				F0DC739F292F9902007F14F5 /* DetailHelper.swift in Sources */,
				F01761E1291E67A600B339E4 /* SearchController.swift in Sources */,
				F0DC73A1292FA4E9007F14F5 /* DetailViewModel.swift in Sources */,
				F0B9532F291E5AF50067D68C /* AppDelegate.swift in Sources */,
				F0CCA1DF2927802600D40A68 /* SearchMovieCell.swift in Sources */,
				F05E86BA292D426100F35329 /* DetailViewController.swift in Sources */,
				F082E3DA292242A70098D812 /* HorizontalMovieCell.swift in Sources */,
				F01761E3291E67BA00B339E4 /* WatchListController.swift in Sources */,
				F08C869C291E945F0097BB8B /* HomeManager.swift in Sources */,
				F0738E04291EC428000F4912 /* HomeViewModel.swift in Sources */,
				F0B9534A291E5E040067D68C /* NetworkManager.swift in Sources */,
				F02D294B293103A60019C7A1 /* DataPersistenceManager.swift in Sources */,
				F0B95331291E5AF50067D68C /* SceneDelegate.swift in Sources */,
				F0DC739A292F978A007F14F5 /* MovieMoreDetail.swift in Sources */,
				F053D30E2920CD4500CB039D /* HomeHeader.swift in Sources */,
				F0CCA1E52927E1CB00D40A68 /* SearchViewModel.swift in Sources */,
				F0CCA1EC2927FF5E00D40A68 /* SearchManager.swift in Sources */,
				F08C869E291E94670097BB8B /* HomeHelper.swift in Sources */,
				F0B9534E291E64A40067D68C /* TabBar.swift in Sources */,
				F0CCA1EE2927FF6F00D40A68 /* SearchHelper.swift in Sources */,
			);
			runOnlyForDeploymentPostprocessing = 0;
		};
/* End PBXSourcesBuildPhase section */

/* Begin PBXVariantGroup section */
		F0B95334291E5AF50067D68C /* Main.storyboard */ = {
			isa = PBXVariantGroup;
			children = (
				F0B95335291E5AF50067D68C /* Base */,
			);
			name = Main.storyboard;
			sourceTree = "<group>";
		};
		F0B95339291E5AF70067D68C /* LaunchScreen.storyboard */ = {
			isa = PBXVariantGroup;
			children = (
				F0B9533A291E5AF70067D68C /* Base */,
			);
			name = LaunchScreen.storyboard;
			sourceTree = "<group>";
		};
/* End PBXVariantGroup section */

/* Begin XCBuildConfiguration section */
		F0B9533D291E5AF70067D68C /* Debug */ = {
			isa = XCBuildConfiguration;
			buildSettings = {
				ALWAYS_SEARCH_USER_PATHS = NO;
				CLANG_ANALYZER_NONNULL = YES;
				CLANG_ANALYZER_NUMBER_OBJECT_CONVERSION = YES_AGGRESSIVE;
				CLANG_CXX_LANGUAGE_STANDARD = "gnu++20";
				CLANG_ENABLE_MODULES = YES;
				CLANG_ENABLE_OBJC_ARC = YES;
				CLANG_ENABLE_OBJC_WEAK = YES;
				CLANG_WARN_BLOCK_CAPTURE_AUTORELEASING = YES;
				CLANG_WARN_BOOL_CONVERSION = YES;
				CLANG_WARN_COMMA = YES;
				CLANG_WARN_CONSTANT_CONVERSION = YES;
				CLANG_WARN_DEPRECATED_OBJC_IMPLEMENTATIONS = YES;
				CLANG_WARN_DIRECT_OBJC_ISA_USAGE = YES_ERROR;
				CLANG_WARN_DOCUMENTATION_COMMENTS = YES;
				CLANG_WARN_EMPTY_BODY = YES;
				CLANG_WARN_ENUM_CONVERSION = YES;
				CLANG_WARN_INFINITE_RECURSION = YES;
				CLANG_WARN_INT_CONVERSION = YES;
				CLANG_WARN_NON_LITERAL_NULL_CONVERSION = YES;
				CLANG_WARN_OBJC_IMPLICIT_RETAIN_SELF = YES;
				CLANG_WARN_OBJC_LITERAL_CONVERSION = YES;
				CLANG_WARN_OBJC_ROOT_CLASS = YES_ERROR;
				CLANG_WARN_QUOTED_INCLUDE_IN_FRAMEWORK_HEADER = YES;
				CLANG_WARN_RANGE_LOOP_ANALYSIS = YES;
				CLANG_WARN_STRICT_PROTOTYPES = YES;
				CLANG_WARN_SUSPICIOUS_MOVE = YES;
				CLANG_WARN_UNGUARDED_AVAILABILITY = YES_AGGRESSIVE;
				CLANG_WARN_UNREACHABLE_CODE = YES;
				CLANG_WARN__DUPLICATE_METHOD_MATCH = YES;
				COPY_PHASE_STRIP = NO;
				DEBUG_INFORMATION_FORMAT = dwarf;
				ENABLE_STRICT_OBJC_MSGSEND = YES;
				ENABLE_TESTABILITY = YES;
				GCC_C_LANGUAGE_STANDARD = gnu11;
				GCC_DYNAMIC_NO_PIC = NO;
				GCC_NO_COMMON_BLOCKS = YES;
				GCC_OPTIMIZATION_LEVEL = 0;
				GCC_PREPROCESSOR_DEFINITIONS = (
					"DEBUG=1",
					"$(inherited)",
				);
				GCC_WARN_64_TO_32_BIT_CONVERSION = YES;
				GCC_WARN_ABOUT_RETURN_TYPE = YES_ERROR;
				GCC_WARN_UNDECLARED_SELECTOR = YES;
				GCC_WARN_UNINITIALIZED_AUTOS = YES_AGGRESSIVE;
				GCC_WARN_UNUSED_FUNCTION = YES;
				GCC_WARN_UNUSED_VARIABLE = YES;
				IPHONEOS_DEPLOYMENT_TARGET = 16.0;
				MTL_ENABLE_DEBUG_INFO = INCLUDE_SOURCE;
				MTL_FAST_MATH = YES;
				ONLY_ACTIVE_ARCH = YES;
				SDKROOT = iphoneos;
				SWIFT_ACTIVE_COMPILATION_CONDITIONS = DEBUG;
				SWIFT_OPTIMIZATION_LEVEL = "-Onone";
			};
			name = Debug;
		};
		F0B9533E291E5AF70067D68C /* Release */ = {
			isa = XCBuildConfiguration;
			buildSettings = {
				ALWAYS_SEARCH_USER_PATHS = NO;
				CLANG_ANALYZER_NONNULL = YES;
				CLANG_ANALYZER_NUMBER_OBJECT_CONVERSION = YES_AGGRESSIVE;
				CLANG_CXX_LANGUAGE_STANDARD = "gnu++20";
				CLANG_ENABLE_MODULES = YES;
				CLANG_ENABLE_OBJC_ARC = YES;
				CLANG_ENABLE_OBJC_WEAK = YES;
				CLANG_WARN_BLOCK_CAPTURE_AUTORELEASING = YES;
				CLANG_WARN_BOOL_CONVERSION = YES;
				CLANG_WARN_COMMA = YES;
				CLANG_WARN_CONSTANT_CONVERSION = YES;
				CLANG_WARN_DEPRECATED_OBJC_IMPLEMENTATIONS = YES;
				CLANG_WARN_DIRECT_OBJC_ISA_USAGE = YES_ERROR;
				CLANG_WARN_DOCUMENTATION_COMMENTS = YES;
				CLANG_WARN_EMPTY_BODY = YES;
				CLANG_WARN_ENUM_CONVERSION = YES;
				CLANG_WARN_INFINITE_RECURSION = YES;
				CLANG_WARN_INT_CONVERSION = YES;
				CLANG_WARN_NON_LITERAL_NULL_CONVERSION = YES;
				CLANG_WARN_OBJC_IMPLICIT_RETAIN_SELF = YES;
				CLANG_WARN_OBJC_LITERAL_CONVERSION = YES;
				CLANG_WARN_OBJC_ROOT_CLASS = YES_ERROR;
				CLANG_WARN_QUOTED_INCLUDE_IN_FRAMEWORK_HEADER = YES;
				CLANG_WARN_RANGE_LOOP_ANALYSIS = YES;
				CLANG_WARN_STRICT_PROTOTYPES = YES;
				CLANG_WARN_SUSPICIOUS_MOVE = YES;
				CLANG_WARN_UNGUARDED_AVAILABILITY = YES_AGGRESSIVE;
				CLANG_WARN_UNREACHABLE_CODE = YES;
				CLANG_WARN__DUPLICATE_METHOD_MATCH = YES;
				COPY_PHASE_STRIP = NO;
				DEBUG_INFORMATION_FORMAT = "dwarf-with-dsym";
				ENABLE_NS_ASSERTIONS = NO;
				ENABLE_STRICT_OBJC_MSGSEND = YES;
				GCC_C_LANGUAGE_STANDARD = gnu11;
				GCC_NO_COMMON_BLOCKS = YES;
				GCC_WARN_64_TO_32_BIT_CONVERSION = YES;
				GCC_WARN_ABOUT_RETURN_TYPE = YES_ERROR;
				GCC_WARN_UNDECLARED_SELECTOR = YES;
				GCC_WARN_UNINITIALIZED_AUTOS = YES_AGGRESSIVE;
				GCC_WARN_UNUSED_FUNCTION = YES;
				GCC_WARN_UNUSED_VARIABLE = YES;
				IPHONEOS_DEPLOYMENT_TARGET = 16.0;
				MTL_ENABLE_DEBUG_INFO = NO;
				MTL_FAST_MATH = YES;
				SDKROOT = iphoneos;
				SWIFT_COMPILATION_MODE = wholemodule;
				SWIFT_OPTIMIZATION_LEVEL = "-O";
				VALIDATE_PRODUCT = YES;
			};
			name = Release;
		};
		F0B95340291E5AF70067D68C /* Debug */ = {
			isa = XCBuildConfiguration;
			baseConfigurationReference = E452B1ECE1F6B2900EEEA9C9 /* Pods-BestMovieApp.debug.xcconfig */;
			buildSettings = {
				ASSETCATALOG_COMPILER_APPICON_NAME = AppIcon;
				ASSETCATALOG_COMPILER_GLOBAL_ACCENT_COLOR_NAME = AccentColor;
				CODE_SIGN_STYLE = Automatic;
				CURRENT_PROJECT_VERSION = 1;
				DEVELOPMENT_TEAM = 78Y3UD747G;
				GENERATE_INFOPLIST_FILE = YES;
				INFOPLIST_FILE = BestMovieApp/Info.plist;
				INFOPLIST_KEY_UIApplicationSupportsIndirectInputEvents = YES;
				INFOPLIST_KEY_UILaunchStoryboardName = LaunchScreen;
				INFOPLIST_KEY_UIMainStoryboardFile = Main;
				INFOPLIST_KEY_UISupportedInterfaceOrientations_iPad = "UIInterfaceOrientationPortrait UIInterfaceOrientationPortraitUpsideDown UIInterfaceOrientationLandscapeLeft UIInterfaceOrientationLandscapeRight";
				INFOPLIST_KEY_UISupportedInterfaceOrientations_iPhone = "UIInterfaceOrientationPortrait UIInterfaceOrientationLandscapeLeft UIInterfaceOrientationLandscapeRight";
				IPHONEOS_DEPLOYMENT_TARGET = 13.0;
				LD_RUNPATH_SEARCH_PATHS = (
					"$(inherited)",
					"@executable_path/Frameworks",
				);
				MARKETING_VERSION = 1.0;
				PRODUCT_BUNDLE_IDENTIFIER = com.ekremalkan.BestMovieApp;
				PRODUCT_NAME = "$(TARGET_NAME)";
				SWIFT_EMIT_LOC_STRINGS = YES;
				SWIFT_VERSION = 5.0;
				TARGETED_DEVICE_FAMILY = "1,2";
			};
			name = Debug;
		};
		F0B95341291E5AF70067D68C /* Release */ = {
			isa = XCBuildConfiguration;
			baseConfigurationReference = 1444EB1A9F6CAE3CB2373004 /* Pods-BestMovieApp.release.xcconfig */;
			buildSettings = {
				ASSETCATALOG_COMPILER_APPICON_NAME = AppIcon;
				ASSETCATALOG_COMPILER_GLOBAL_ACCENT_COLOR_NAME = AccentColor;
				CODE_SIGN_STYLE = Automatic;
				CURRENT_PROJECT_VERSION = 1;
				DEVELOPMENT_TEAM = 78Y3UD747G;
				GENERATE_INFOPLIST_FILE = YES;
				INFOPLIST_FILE = BestMovieApp/Info.plist;
				INFOPLIST_KEY_UIApplicationSupportsIndirectInputEvents = YES;
				INFOPLIST_KEY_UILaunchStoryboardName = LaunchScreen;
				INFOPLIST_KEY_UIMainStoryboardFile = Main;
				INFOPLIST_KEY_UISupportedInterfaceOrientations_iPad = "UIInterfaceOrientationPortrait UIInterfaceOrientationPortraitUpsideDown UIInterfaceOrientationLandscapeLeft UIInterfaceOrientationLandscapeRight";
				INFOPLIST_KEY_UISupportedInterfaceOrientations_iPhone = "UIInterfaceOrientationPortrait UIInterfaceOrientationLandscapeLeft UIInterfaceOrientationLandscapeRight";
				IPHONEOS_DEPLOYMENT_TARGET = 13.0;
				LD_RUNPATH_SEARCH_PATHS = (
					"$(inherited)",
					"@executable_path/Frameworks",
				);
				MARKETING_VERSION = 1.0;
				PRODUCT_BUNDLE_IDENTIFIER = com.ekremalkan.BestMovieApp;
				PRODUCT_NAME = "$(TARGET_NAME)";
				SWIFT_EMIT_LOC_STRINGS = YES;
				SWIFT_VERSION = 5.0;
				TARGETED_DEVICE_FAMILY = "1,2";
			};
			name = Release;
		};
/* End XCBuildConfiguration section */

/* Begin XCConfigurationList section */
		F0B95326291E5AF50067D68C /* Build configuration list for PBXProject "BestMovieApp" */ = {
			isa = XCConfigurationList;
			buildConfigurations = (
				F0B9533D291E5AF70067D68C /* Debug */,
				F0B9533E291E5AF70067D68C /* Release */,
			);
			defaultConfigurationIsVisible = 0;
			defaultConfigurationName = Release;
		};
		F0B9533F291E5AF70067D68C /* Build configuration list for PBXNativeTarget "BestMovieApp" */ = {
			isa = XCConfigurationList;
			buildConfigurations = (
				F0B95340291E5AF70067D68C /* Debug */,
				F0B95341291E5AF70067D68C /* Release */,
			);
			defaultConfigurationIsVisible = 0;
			defaultConfigurationName = Release;
		};
/* End XCConfigurationList section */

/* Begin XCRemoteSwiftPackageReference section */
		F0D38AD3291FB05F005C8D8B /* XCRemoteSwiftPackageReference "SDWebImage" */ = {
			isa = XCRemoteSwiftPackageReference;
			repositoryURL = "https://github.com/SDWebImage/SDWebImage";
			requirement = {
				kind = upToNextMajorVersion;
				minimumVersion = 5.0.0;
			};
		};
/* End XCRemoteSwiftPackageReference section */

/* Begin XCSwiftPackageProductDependency section */
		F0D38AD4291FB05F005C8D8B /* SDWebImage */ = {
			isa = XCSwiftPackageProductDependency;
			package = F0D38AD3291FB05F005C8D8B /* XCRemoteSwiftPackageReference "SDWebImage" */;
			productName = SDWebImage;
		};
/* End XCSwiftPackageProductDependency section */

/* Begin XCVersionGroup section */
		F02D29462930D3560019C7A1 /* ClickMovieModel.xcdatamodeld */ = {
			isa = XCVersionGroup;
			children = (
				F02D29472930D3560019C7A1 /* ClickMovieModel.xcdatamodel */,
			);
			currentVersion = F02D29472930D3560019C7A1 /* ClickMovieModel.xcdatamodel */;
			path = ClickMovieModel.xcdatamodeld;
			sourceTree = "<group>";
			versionGroupType = wrapper.xcdatamodel;
		};
/* End XCVersionGroup section */
	};
	rootObject = F0B95323291E5AF50067D68C /* Project object */;
}
